
Microsoft Visual Studio Solution File, Format Version 12.00
# Visual Studio 2012
Project("{FAE04EC0-301F-11D3-BF4B-00C04F79EFBC}") = "LinqToQuerystring", "LinqToQuerystring\LinqToQuerystring.csproj", "{7859C906-95D8-4322-AA44-BC854B065AEE}"
EndProject
Project("{FAE04EC0-301F-11D3-BF4B-00C04F79EFBC}") = "LinqToQueryString.UnitTests", "LinqToQueryString.UnitTests\LinqToQueryString.UnitTests.csproj", "{B60C3B0C-CAD7-4ED2-A1DD-7A6482504F31}"
EndProject
Project("{2150E333-8FDC-42A3-9474-1A3956D46DE8}") = ".nuget", ".nuget", "{F5C6F2FB-E3FC-4787-B637-FC4AE2F70050}"
	ProjectSection(SolutionItems) = preProject
		.nuget\NuGet.Config = .nuget\NuGet.Config
		.nuget\NuGet.exe = .nuget\NuGet.exe
		.nuget\NuGet.targets = .nuget\NuGet.targets
	EndProjectSection
EndProject
Project("{FAE04EC0-301F-11D3-BF4B-00C04F79EFBC}") = "LinqToQueryString.IntegrationTests", "LinqToQueryString.IntegrationTests\LinqToQueryString.IntegrationTests.csproj", "{354C3452-BCDC-4048-B897-8CC719298B87}"
EndProject
Project("{FAE04EC0-301F-11D3-BF4B-00C04F79EFBC}") = "LinqToQueryString.Tests", "LinqToQueryString.Tests\LinqToQueryString.Tests.csproj", "{139B0E4C-BC18-4180-8863-FB248CFDA42E}"
EndProject
Project("{FAE04EC0-301F-11D3-BF4B-00C04F79EFBC}") = "LinqToQuerystring.Demo", "LinqToQuerystring.Demo\LinqToQuerystring.Demo.csproj", "{E6309DE6-1640-4E6F-9B47-B1E8890724FE}"
EndProject
Global
	GlobalSection(SolutionConfigurationPlatforms) = preSolution
		Debug|Any CPU = Debug|Any CPU
		Release|Any CPU = Release|Any CPU
	EndGlobalSection
	GlobalSection(ProjectConfigurationPlatforms) = postSolution
		{7859C906-95D8-4322-AA44-BC854B065AEE}.Debug|Any CPU.ActiveCfg = Debug|Any CPU
		{7859C906-95D8-4322-AA44-BC854B065AEE}.Debug|Any CPU.Build.0 = Debug|Any CPU
		{7859C906-95D8-4322-AA44-BC854B065AEE}.Release|Any CPU.ActiveCfg = Release|Any CPU
		{7859C906-95D8-4322-AA44-BC854B065AEE}.Release|Any CPU.Build.0 = Release|Any CPU
		{B60C3B0C-CAD7-4ED2-A1DD-7A6482504F31}.Debug|Any CPU.ActiveCfg = Debug|Any CPU
		{B60C3B0C-CAD7-4ED2-A1DD-7A6482504F31}.Debug|Any CPU.Build.0 = Debug|Any CPU
		{B60C3B0C-CAD7-4ED2-A1DD-7A6482504F31}.Release|Any CPU.ActiveCfg = Release|Any CPU
		{B60C3B0C-CAD7-4ED2-A1DD-7A6482504F31}.Release|Any CPU.Build.0 = Release|Any CPU
		{354C3452-BCDC-4048-B897-8CC719298B87}.Debug|Any CPU.ActiveCfg = Debug|Any CPU
		{354C3452-BCDC-4048-B897-8CC719298B87}.Debug|Any CPU.Build.0 = Debug|Any CPU
		{354C3452-BCDC-4048-B897-8CC719298B87}.Release|Any CPU.ActiveCfg = Release|Any CPU
		{354C3452-BCDC-4048-B897-8CC719298B87}.Release|Any CPU.Build.0 = Release|Any CPU
		{139B0E4C-BC18-4180-8863-FB248CFDA42E}.Debug|Any CPU.ActiveCfg = Debug|Any CPU
		{139B0E4C-BC18-4180-8863-FB248CFDA42E}.Debug|Any CPU.Build.0 = Debug|Any CPU
		{139B0E4C-BC18-4180-8863-FB248CFDA42E}.Release|Any CPU.ActiveCfg = Release|Any CPU
		{139B0E4C-BC18-4180-8863-FB248CFDA42E}.Release|Any CPU.Build.0 = Release|Any CPU
		{E6309DE6-1640-4E6F-9B47-B1E8890724FE}.Debug|Any CPU.ActiveCfg = Debug|Any CPU
		{E6309DE6-1640-4E6F-9B47-B1E8890724FE}.Debug|Any CPU.Build.0 = Debug|Any CPU
		{E6309DE6-1640-4E6F-9B47-B1E8890724FE}.Release|Any CPU.ActiveCfg = Release|Any CPU
		{E6309DE6-1640-4E6F-9B47-B1E8890724FE}.Release|Any CPU.Build.0 = Release|Any CPU
	EndGlobalSection
	GlobalSection(SolutionProperties) = preSolution
		HideSolutionNode = FALSE
	EndGlobalSection
EndGlobal
