
Microsoft Visual Studio Solution File, Format Version 12.00
# Visual Studio 2013
VisualStudioVersion = 12.0.21005.1
MinimumVisualStudioVersion = 10.0.40219.1
Project("{2150E333-8FDC-42A3-9474-1A3956D46DE8}") = ".nuget", ".nuget", "{F5C6F2FB-E3FC-4787-B637-FC4AE2F70050}"
	ProjectSection(SolutionItems) = preProject
		.nuget\NuGet.Config = .nuget\NuGet.Config
		.nuget\NuGet.exe = .nuget\NuGet.exe
		.nuget\NuGet.targets = .nuget\NuGet.targets
	EndProjectSection
EndProject
Project("{2150E333-8FDC-42A3-9474-1A3956D46DE8}") = "Tests", "Tests", "{2313C896-8F93-46A4-9A5A-B148146256F3}"
EndProject
Project("{FAE04EC0-301F-11D3-BF4B-00C04F79EFBC}") = "LinqToQuerystring.WebApi", "LinqToQuerystring.WebApi\LinqToQuerystring.WebApi.csproj", "{AC211100-2F7A-46A9-B630-C2DF57F50895}"
EndProject
Project("{FAE04EC0-301F-11D3-BF4B-00C04F79EFBC}") = "LinqToQuerystring.IntegrationTests.WebApi", "LinqToQuerystring.IntegrationTests.WebAPI\LinqToQuerystring.IntegrationTests.WebApi.csproj", "{D9657640-E56D-440C-9566-67EDF848A64A}"
EndProject
Project("{FAE04EC0-301F-11D3-BF4B-00C04F79EFBC}") = "LinqToQuerystring", "LinqToQuerystring\LinqToQuerystring.csproj", "{7859C906-95D8-4322-AA44-BC854B065AEE}"
EndProject
Global
	GlobalSection(SolutionConfigurationPlatforms) = preSolution
		Debug|Any CPU = Debug|Any CPU
		Release|Any CPU = Release|Any CPU
	EndGlobalSection
	GlobalSection(ProjectConfigurationPlatforms) = postSolution
		{AC211100-2F7A-46A9-B630-C2DF57F50895}.Debug|Any CPU.ActiveCfg = Debug|Any CPU
		{AC211100-2F7A-46A9-B630-C2DF57F50895}.Debug|Any CPU.Build.0 = Debug|Any CPU
		{AC211100-2F7A-46A9-B630-C2DF57F50895}.Release|Any CPU.ActiveCfg = Release|Any CPU
		{AC211100-2F7A-46A9-B630-C2DF57F50895}.Release|Any CPU.Build.0 = Release|Any CPU
		{D9657640-E56D-440C-9566-67EDF848A64A}.Debug|Any CPU.ActiveCfg = Debug|Any CPU
		{D9657640-E56D-440C-9566-67EDF848A64A}.Debug|Any CPU.Build.0 = Debug|Any CPU
		{D9657640-E56D-440C-9566-67EDF848A64A}.Release|Any CPU.ActiveCfg = Release|Any CPU
		{D9657640-E56D-440C-9566-67EDF848A64A}.Release|Any CPU.Build.0 = Release|Any CPU
		{7859C906-95D8-4322-AA44-BC854B065AEE}.Debug|Any CPU.ActiveCfg = Debug|Any CPU
		{7859C906-95D8-4322-AA44-BC854B065AEE}.Debug|Any CPU.Build.0 = Debug|Any CPU
		{7859C906-95D8-4322-AA44-BC854B065AEE}.Release|Any CPU.ActiveCfg = Release|Any CPU
		{7859C906-95D8-4322-AA44-BC854B065AEE}.Release|Any CPU.Build.0 = Release|Any CPU
	EndGlobalSection
	GlobalSection(SolutionProperties) = preSolution
		HideSolutionNode = FALSE
	EndGlobalSection
	GlobalSection(NestedProjects) = preSolution
		{D9657640-E56D-440C-9566-67EDF848A64A} = {2313C896-8F93-46A4-9A5A-B148146256F3}
	EndGlobalSection
EndGlobal
